
Microsoft Visual Studio Solution File, Format Version 12.00
# Visual Studio 2012
Project("{FAE04EC0-301F-11D3-BF4B-00C04F79EFBC}") = "Neurosky", "Neurosky\Neurosky.csproj", "{713B567D-679B-48B6-A4A3-E1ECBA6CEDBA}"
EndProject
Global
	GlobalSection(SolutionConfigurationPlatforms) = preSolution
		Debug|Any CPU = Debug|Any CPU
		Release|Any CPU = Release|Any CPU
	EndGlobalSection
	GlobalSection(ProjectConfigurationPlatforms) = postSolution
		{713B567D-679B-48B6-A4A3-E1ECBA6CEDBA}.Debug|Any CPU.ActiveCfg = Debug|Any CPU
		{713B567D-679B-48B6-A4A3-E1ECBA6CEDBA}.Debug|Any CPU.Build.0 = Debug|Any CPU
		{713B567D-679B-48B6-A4A3-E1ECBA6CEDBA}.Release|Any CPU.ActiveCfg = Release|Any CPU
		{713B567D-679B-48B6-A4A3-E1ECBA6CEDBA}.Release|Any CPU.Build.0 = Release|Any CPU
	EndGlobalSection
	GlobalSection(SolutionProperties) = preSolution
		HideSolutionNode = FALSE
	EndGlobalSection
EndGlobal
